
Microsoft Visual Studio Solution File, Format Version 12.00
# Visual Studio Version 16
VisualStudioVersion = 16.0.31205.134
MinimumVisualStudioVersion = 10.0.40219.1
Project("{FAE04EC0-301F-11D3-BF4B-00C04F79EFBC}") = "IS", "IS.csproj", "{13CFDFF8-30E6-477D-81C9-BB5F60C6C604}"
EndProject
Global
	GlobalSection(SolutionConfigurationPlatforms) = preSolution
		Debug|Any CPU = Debug|Any CPU
		Release|Any CPU = Release|Any CPU
	EndGlobalSection
	GlobalSection(ProjectConfigurationPlatforms) = postSolution
		{13CFDFF8-30E6-477D-81C9-BB5F60C6C604}.Debug|Any CPU.ActiveCfg = Debug|Any CPU
		{13CFDFF8-30E6-477D-81C9-BB5F60C6C604}.Debug|Any CPU.Build.0 = Debug|Any CPU
		{13CFDFF8-30E6-477D-81C9-BB5F60C6C604}.Release|Any CPU.ActiveCfg = Release|Any CPU
		{13CFDFF8-30E6-477D-81C9-BB5F60C6C604}.Release|Any CPU.Build.0 = Release|Any CPU
	EndGlobalSection
	GlobalSection(SolutionProperties) = preSolution
		HideSolutionNode = FALSE
	EndGlobalSection
	GlobalSection(ExtensibilityGlobals) = postSolution
		SolutionGuid = {2D9BE997-9AD6-417F-A111-753D44702648}
	EndGlobalSection
EndGlobal
